
Microsoft Visual Studio Solution File, Format Version 10.00
# Visual Studio 2008
Project("{FAE04EC0-301F-11D3-BF4B-00C04F79EFBC}") = "ChessXna", "ChessXna\ChessXna.csproj", "{0F6B537F-ED1D-4483-8D41-C5B7F0840895}"
EndProject
Global
	GlobalSection(SolutionConfigurationPlatforms) = preSolution
		Debug|x86 = Debug|x86
		Release|x86 = Release|x86
	EndGlobalSection
	GlobalSection(ProjectConfigurationPlatforms) = postSolution
		{0F6B537F-ED1D-4483-8D41-C5B7F0840895}.Debug|x86.ActiveCfg = Debug|x86
		{0F6B537F-ED1D-4483-8D41-C5B7F0840895}.Debug|x86.Build.0 = Debug|x86
		{0F6B537F-ED1D-4483-8D41-C5B7F0840895}.Release|x86.ActiveCfg = Release|x86
		{0F6B537F-ED1D-4483-8D41-C5B7F0840895}.Release|x86.Build.0 = Release|x86
		{7451E94D-B41D-493E-962A-D6189734D560}.Debug|x86.ActiveCfg = Debug|x86
		{7451E94D-B41D-493E-962A-D6189734D560}.Release|x86.ActiveCfg = Release|x86
	EndGlobalSection
	GlobalSection(SolutionProperties) = preSolution
		HideSolutionNode = FALSE
	EndGlobalSection
EndGlobal
